
Microsoft Visual Studio Solution File, Format Version 12.00
Project("{FAE04EC0-301F-11D3-BF4B-00C04F79EFBC}") = "FinderNETItemCreator", "FinderNETItemCreator\FinderNETItemCreator.csproj", "{88964607-E771-4696-BDE8-76652965C670}"
EndProject
Global
	GlobalSection(SolutionConfigurationPlatforms) = preSolution
		Debug|Any CPU = Debug|Any CPU
		Release|Any CPU = Release|Any CPU
	EndGlobalSection
	GlobalSection(ProjectConfigurationPlatforms) = postSolution
		{88964607-E771-4696-BDE8-76652965C670}.Debug|Any CPU.ActiveCfg = Debug|Any CPU
		{88964607-E771-4696-BDE8-76652965C670}.Debug|Any CPU.Build.0 = Debug|Any CPU
		{88964607-E771-4696-BDE8-76652965C670}.Release|Any CPU.ActiveCfg = Release|Any CPU
		{88964607-E771-4696-BDE8-76652965C670}.Release|Any CPU.Build.0 = Release|Any CPU
	EndGlobalSection
EndGlobal
